{
  "name": "IndyHacks-website",
  "lockfileVersion": 2,
  "requires": true,
  "packages": {
    "": {
      "dependencies": {
        "multiple.js": "^0.0.1"
      }
    },
    "node_modules/multiple.js": {
      "version": "0.0.1",
      "resolved": "https://registry.npmjs.org/multiple.js/-/multiple.js-0.0.1.tgz",
      "integrity": "sha512-KrLbCTbX7aAURTOfCaNXzLT/6HeCMwNZygwDKO5icfDu+UXnNFbg0vO7y2bPpXQWLzXU1QoIpjYcWo/ydGUqcQ=="
    }
  },
  "dependencies": {
    "multiple.js": {
      "version": "0.0.1",
      "resolved": "https://registry.npmjs.org/multiple.js/-/multiple.js-0.0.1.tgz",
      "integrity": "sha512-KrLbCTbX7aAURTOfCaNXzLT/6HeCMwNZygwDKO5icfDu+UXnNFbg0vO7y2bPpXQWLzXU1QoIpjYcWo/ydGUqcQ=="
    }
  }
}
